{
  "name": "quorum-loro-gateway-interop",
  "lockfileVersion": 3,
  "requires": true,
  "packages": {
    "": {
      "name": "quorum-loro-gateway-interop",
      "dependencies": {
        "loro-crdt": "1.13.7",
        "loro-protocol": "0.3.0"
      }
    },
    "node_modules/loro-crdt": {
      "version": "1.13.7",
      "resolved": "https://registry.npmjs.org/loro-crdt/-/loro-crdt-1.13.7.tgz",
      "integrity": "sha512-tOvBUBSVseebXx8L5TMEdVYwgTOVZMMUtA9tQAs2vpPNRx/hClsLGhjmo9D3J4LopCVrQ6cuj3ZdBeyxQheWAg==",
      "license": "MIT"
    },
    "node_modules/loro-protocol": {
      "version": "0.3.0",
      "resolved": "https://registry.npmjs.org/loro-protocol/-/loro-protocol-0.3.0.tgz",
      "integrity": "sha512-j28FzDwOVHk95asjQEk8yse7hfYHnStdusYcQBphWRwzA8wzE5iMHQpnDyog1O6kmJQ6W/iC8yDisHpxH0wUAg==",
      "license": "MIT",
      "engines": {
        "node": ">=18.0.0"
      }
    }
  }
}
